github.com/CloudyKit/fastprinter v0.0.0-20200109182630-33d98a066a53 h1:sR+/8Yb4slttB4vD+b9btVEnWgL3Q00OBTzVT8B9C0c=
github.com/CloudyKit/fastprinter v0.0.0-20200109182630-33d98a066a53/go.mod h1:+3IMCy2vIlbG1XG/0ggNQv0SvxCAIpPM5b1nCz56Xno=
github.com/CloudyKit/jet/v3 v3.0.0 h1:1PwO5w5VCtlUUl+KTOBsTGZlhjWkcybsGaAau52tOy8=
github.com/CloudyKit/jet/v3 v3.0.0/go.mod h1:HKQPgSJmdK8hdoAbKUUWajkHyHo4RaU5rMdUywE7VMo=
github.com/clevergo/clevergo v1.8.1 h1:TFqxvExb68k05kbnOGrnnrvi1cb+7iFNc+bvtxnYwCU=
github.com/clevergo/clevergo v1.8.1/go.mod h1:/BB51A8ohBG/GCHbN7mUPK6vJNm6XXC+4V/yS0c7RsA=
github.com/clevergo/clevergo v1.8.2-0.20200403071649-aec1c54d3400 h1:wyjccaNQZ9a6V8aObl9eWEF1DG5cBTiKig3KSKaZKsU=
github.com/clevergo/clevergo v1.8.2-0.20200403071649-aec1c54d3400/go.mod h1:CXwWkYV6APhZU4XQ4QS6LvsutBaZYi0wMDOanjuOIlg=
github.com/davecgh/go-spew v1.1.0 h1:ZDRjVQ15GmhC3fiQ8ni8+OwkZQO4DARzQgrnXU1Liz8=
github.com/davecgh/go-spew v1.1.0/go.mod h1:J7Y8YcW2NihsgmVo/mv3lAwl/skON4iLHjSsI+c5H38=
github.com/pmezard/go-difflib v1.0.0 h1:4DBwDE0NGyQoBHbLQYPwSUPoCMWR5BEzIk/f1lZbAQM=
github.com/pmezard/go-difflib v1.0.0/go.mod h1:iKH77koFhYxTK1pcRnkKkqfTogsbg7gZNVY4sRDYZ/4=
github.com/stretchr/objx v0.1.0 h1:4G4v2dO3VZwixGIRoQ5Lfboy6nUhCyYzaqnIAPPhYs4=
github.com/stretchr/objx v0.1.0/go.mod h1:HFkY916IF+rwdDfMAkV7OtwuqBVzrE8GR6GFx+wExME=
github.com/stretchr/testify v1.5.1 h1:nOGnQDM7FYENwehXlg/kFVnos3rEvtKTjRvOWSzb6H4=
github.com/stretchr/testify v1.5.1/go.mod h1:5W2xD1RspED5o8YsWQXVCued0rvSQ+mT+I5cxcmMvtA=
gopkg.in/check.v1 v0.0.0-20161208181325-20d25e280405/go.mod h1:Co6ibVJAznAaIkqp8huTwlJQCZ016jof/cbN4VW5Yz0=
gopkg.in/yaml.v2 v2.2.2 h1:ZCJp+EgiOT7lHqUV2J862kp8Qj64Jo6az82+3Td9dZw=
gopkg.in/yaml.v2 v2.2.2/go.mod h1:hI93XBmqTisBFMUTm0b8Fm+jr3Dg1NNxqwp+5A1VGuI=
